# Generated by buf. DO NOT EDIT.
version: v2
deps:
  - name: buf.build/googleapis/googleapis
    commit: 004180b77378443887d3b55cabc00384
    digest: b5:e8f475fe3330f31f5fd86ac689093bcd274e19611a09db91f41d637cb9197881ce89882b94d13a58738e53c91c6e4bae7dc1feba85f590164c975a89e25115dc
  - name: buf.build/grpc-ecosystem/grpc-gateway
    commit: 3f42134f4c564983838425bc43c7a65f
    digest: b5:291b947d8ac09492517557e4e72e294788cb8201afc7d0df7bda80fa10931adb60d4d669208a7696bf24f1ecb2a33a16d4c1e766e6f31809248b00343119569b
